
Microsoft Visual Studio Solution File, Format Version 12.00
# Visual Studio Version 17
VisualStudioVersion = 17.9.34607.119
MinimumVisualStudioVersion = 10.0.40219.1
Project("{9A19103F-16F7-4668-BE54-9A1E7A4F7556}") = "qDshunUtilities", "qDshunUtilities.csproj", "{2917D997-A950-4B6E-813D-D9D113038897}"
EndProject
Global
	GlobalSection(SolutionConfigurationPlatforms) = preSolution
		Debug|Any CPU = Debug|Any CPU
		Release|Any CPU = Release|Any CPU
	EndGlobalSection
	GlobalSection(ProjectConfigurationPlatforms) = postSolution
		{2917D997-A950-4B6E-813D-D9D113038897}.Debug|Any CPU.ActiveCfg = Debug|Any CPU
		{2917D997-A950-4B6E-813D-D9D113038897}.Debug|Any CPU.Build.0 = Debug|Any CPU
		{2917D997-A950-4B6E-813D-D9D113038897}.Release|Any CPU.ActiveCfg = Release|Any CPU
		{2917D997-A950-4B6E-813D-D9D113038897}.Release|Any CPU.Build.0 = Release|Any CPU
	EndGlobalSection
	GlobalSection(SolutionProperties) = preSolution
		HideSolutionNode = FALSE
	EndGlobalSection
	GlobalSection(ExtensibilityGlobals) = postSolution
		SolutionGuid = {FE52ECC4-9B83-458B-9553-052FDEFE0E98}
	EndGlobalSection
EndGlobal
